dependencies:
  espressif/button:
    component_hash: 5357a6a2c0c47fa67eb9a4dad8cbd78f848d05409b3557e49ec9948898655cfb
    dependencies:
    - name: idf
      require: private
      version: '>=4.0'
    - name: espressif/cmake_utilities
      registry_url: https://components.espressif.com
      require: private
      version: 0.*
    source:
      registry_url: https://components.espressif.com
      type: service
    version: 3.4.0
  espressif/cmake_utilities:
    component_hash: 351350613ceafba240b761b4ea991e0f231ac7a9f59a9ee901f751bddc0bb18f
    dependencies:
    - name: idf
      registry_url: https://components.espressif.com
      require: private
      version: '>=4.1'
    source:
      registry_url: https://components.espressif.com
      type: service
    version: 0.5.3
  espressif/esp32_c3_lcdkit:
    component_hash: d332a6110cc15c009f07028aaa6bd8fc45f35ce61956ca34df6a4b5277600ad1
    dependencies:
    - name: lvgl/lvgl
      registry_url: https://components.espressif.com
      require: private
      version: ^8
    - name: espressif/led_strip
      registry_url: https://components.espressif.com
      require: public
      version: ^2
    - name: espressif/knob
      registry_url: https://components.espressif.com
      require: public
      version: ^0.1.3
    - name: idf
      registry_url: https://components.espressif.com
      require: private
      version: '>=5.0.0'
    - name: espressif/esp_lvgl_port
      registry_url: https://components.espressif.com
      require: public
      version: ^1
    - name: espressif/esp_lcd_gc9a01
      registry_url: https://components.espressif.com
      require: public
      version: ^1
    - name: espressif/esp_codec_dev
      registry_url: https://components.espressif.com
      require: public
      version: ^1
    - name: espressif/button
      registry_url: https://components.espressif.com
      require: public
      version: '>=2,<4.0'
    source:
      registry_url: https://components.espressif.com/
      type: service
    targets:
    - esp32c3
    version: 1.0.1
  espressif/esp_codec_dev:
    component_hash: af363202469b2bbecc87f3268729adf37c18c886eba55cab4c268cc9be25b6af
    dependencies:
    - name: idf
      require: private
      version: '>=4.0'
    source:
      registry_url: https://components.espressif.com
      type: service
    version: 1.3.2
  espressif/esp_lcd_gc9a01:
    component_hash: 2ccbdfa5a1762c7a8be66770b69a256d809651d6069098852d2c829648707b5b
    dependencies:
    - name: idf
      registry_url: https://components.espressif.com
      require: private
      version: '>=4.4'
    - name: espressif/cmake_utilities
      registry_url: https://components.espressif.com
      require: private
      version: 0.*
    source:
      registry_url: https://components.espressif.com
      type: service
    version: 1.2.0
  espressif/esp_lvgl_port:
    component_hash: b43dc04720d126cbfe14d53a84787e4c24b7bd7f15468e224c930ad3ffb32258
    dependencies:
    - name: idf
      registry_url: https://components.espressif.com
      require: private
      version: '>=4.4'
    - name: lvgl/lvgl
      registry_url: https://components.espressif.com
      require: public
      version: ^8
    source:
      registry_url: https://components.espressif.com
      type: service
    version: 1.4.0
  espressif/knob:
    component_hash: aeec301a28a84d3a24aeeaef79c8bcffb4ecc153316570fef710ff27e2399d5a
    dependencies:
    - name: espressif/cmake_utilities
      registry_url: https://components.espressif.com
      require: private
      version: 0.*
    - name: idf
      registry_url: https://components.espressif.com
      require: private
      version: '>=4.4.1'
    source:
      registry_url: https://components.espressif.com
      type: service
    version: 0.1.5
  espressif/led_strip:
    component_hash: 28c6509a727ef74925b372ed404772aeedf11cce10b78c3f69b3c66799095e2d
    dependencies:
    - name: idf
      registry_url: https://components.espressif.com
      require: private
      version: '>=4.4'
    source:
      registry_url: https://components.espressif.com
      type: service
    version: 2.5.5
  idf:
    source:
      type: idf
    version: 5.5.0
  lvgl/lvgl:
    component_hash: d7c1ac037ae6e85d94897f807d6e7ba0946a83e720074fc95a4f6241da9f9f53
    dependencies: []
    source:
      registry_url: https://components.espressif.com
      type: service
    version: 8.4.0
direct_dependencies:
- espressif/esp32_c3_lcdkit
- idf
manifest_hash: 622fac47ae9e1cf7da79f4e537065749cc55fec46c0834e1d1531fcfe64da3fd
target: esp32c3
version: 2.0.0
